// !$*UTF8*$!
{
	archiveVersion = 1;
	classes = {
	};
	objectVersion = 50;
	objects = {

/* Begin PBXBuildFile section */
		B64339072494526100E7D77C /* AppDelegate.swift in Sources */ = {isa = PBXBuildFile; fileRef = B64339062494526100E7D77C /* AppDelegate.swift */; };
		B64339092494526100E7D77C /* SceneDelegate.swift in Sources */ = {isa = PBXBuildFile; fileRef = B64339082494526100E7D77C /* SceneDelegate.swift */; };
		B643390B2494526100E7D77C /* ContentView.swift in Sources */ = {isa = PBXBuildFile; fileRef = B643390A2494526100E7D77C /* ContentView.swift */; };
		B643390D2494526200E7D77C /* Assets.xcassets in Resources */ = {isa = PBXBuildFile; fileRef = B643390C2494526200E7D77C /* Assets.xcassets */; };
		B64339102494526200E7D77C /* Preview Assets.xcassets in Resources */ = {isa = PBXBuildFile; fileRef = B643390F2494526200E7D77C /* Preview Assets.xcassets */; };
		B64339132494526200E7D77C /* LaunchScreen.storyboard in Resources */ = {isa = PBXBuildFile; fileRef = B64339112494526200E7D77C /* LaunchScreen.storyboard */; };
		B643391E2494526200E7D77C /* SwiftCSTests.swift in Sources */ = {isa = PBXBuildFile; fileRef = B643391D2494526200E7D77C /* SwiftCSTests.swift */; };
/* End PBXBuildFile section */

/* Begin PBXContainerItemProxy section */
		B643391A2494526200E7D77C /* PBXContainerItemProxy */ = {
			isa = PBXContainerItemProxy;
			containerPortal = B64338FB2494526100E7D77C /* Project object */;
			proxyType = 1;
			remoteGlobalIDString = B64339022494526100E7D77C;
			remoteInfo = SwiftCS;
		};
/* End PBXContainerItemProxy section */

/* Begin PBXFileReference section */
		B64339032494526100E7D77C /* SwiftCS.app */ = {isa = PBXFileReference; explicitFileType = wrapper.application; includeInIndex = 0; path = SwiftCS.app; sourceTree = BUILT_PRODUCTS_DIR; };
		B64339062494526100E7D77C /* AppDelegate.swift */ = {isa = PBXFileReference; lastKnownFileType = sourcecode.swift; path = AppDelegate.swift; sourceTree = "<group>"; };
		B64339082494526100E7D77C /* SceneDelegate.swift */ = {isa = PBXFileReference; lastKnownFileType = sourcecode.swift; path = SceneDelegate.swift; sourceTree = "<group>"; };
		B643390A2494526100E7D77C /* ContentView.swift */ = {isa = PBXFileReference; lastKnownFileType = sourcecode.swift; path = ContentView.swift; sourceTree = "<group>"; };
		B643390C2494526200E7D77C /* Assets.xcassets */ = {isa = PBXFileReference; lastKnownFileType = folder.assetcatalog; path = Assets.xcassets; sourceTree = "<group>"; };
		B643390F2494526200E7D77C /* Preview Assets.xcassets */ = {isa = PBXFileReference; lastKnownFileType = folder.assetcatalog; path = "Preview Assets.xcassets"; sourceTree = "<group>"; };
		B64339122494526200E7D77C /* Base */ = {isa = PBXFileReference; lastKnownFileType = file.storyboard; name = Base; path = Base.lproj/LaunchScreen.storyboard; sourceTree = "<group>"; };
		B64339142494526200E7D77C /* Info.plist */ = {isa = PBXFileReference; lastKnownFileType = text.plist.xml; path = Info.plist; sourceTree = "<group>"; };
		B64339192494526200E7D77C /* SwiftCSTests.xctest */ = {isa = PBXFileReference; explicitFileType = wrapper.cfbundle; includeInIndex = 0; path = SwiftCSTests.xctest; sourceTree = BUILT_PRODUCTS_DIR; };
		B643391D2494526200E7D77C /* SwiftCSTests.swift */ = {isa = PBXFileReference; lastKnownFileType = sourcecode.swift; path = SwiftCSTests.swift; sourceTree = "<group>"; };
		B643391F2494526200E7D77C /* Info.plist */ = {isa = PBXFileReference; lastKnownFileType = text.plist.xml; path = Info.plist; sourceTree = "<group>"; };
/* End PBXFileReference section */

/* Begin PBXFrameworksBuildPhase section */
		B64339002494526100E7D77C /* Frameworks */ = {
			isa = PBXFrameworksBuildPhase;
			buildActionMask = 2147483647;
			files = (
			);
			runOnlyForDeploymentPostprocessing = 0;
		};
		B64339162494526200E7D77C /* Frameworks */ = {
			isa = PBXFrameworksBuildPhase;
			buildActionMask = 2147483647;
			files = (
			);
			runOnlyForDeploymentPostprocessing = 0;
		};
/* End PBXFrameworksBuildPhase section */

/* Begin PBXGroup section */
		B64338FA2494526100E7D77C = {
			isa = PBXGroup;
			children = (
				B64339052494526100E7D77C /* SwiftCS */,
				B643391C2494526200E7D77C /* SwiftCSTests */,
				B64339042494526100E7D77C /* Products */,
			);
			sourceTree = "<group>";
		};
		B64339042494526100E7D77C /* Products */ = {
			isa = PBXGroup;
			children = (
				B64339032494526100E7D77C /* SwiftCS.app */,
				B64339192494526200E7D77C /* SwiftCSTests.xctest */,
			);
			name = Products;
			sourceTree = "<group>";
		};
		B64339052494526100E7D77C /* SwiftCS */ = {
			isa = PBXGroup;
			children = (
				B64339062494526100E7D77C /* AppDelegate.swift */,
				B64339082494526100E7D77C /* SceneDelegate.swift */,
				B643390A2494526100E7D77C /* ContentView.swift */,
				B643390C2494526200E7D77C /* Assets.xcassets */,
				B64339112494526200E7D77C /* LaunchScreen.storyboard */,
				B64339142494526200E7D77C /* Info.plist */,
				B643390E2494526200E7D77C /* Preview Content */,
			);
			path = SwiftCS;
			sourceTree = "<group>";
		};
		B643390E2494526200E7D77C /* Preview Content */ = {
			isa = PBXGroup;
			children = (
				B643390F2494526200E7D77C /* Preview Assets.xcassets */,
			);
			path = "Preview Content";
			sourceTree = "<group>";
		};
		B643391C2494526200E7D77C /* SwiftCSTests */ = {
			isa = PBXGroup;
			children = (
				B643391D2494526200E7D77C /* SwiftCSTests.swift */,
				B643391F2494526200E7D77C /* Info.plist */,
			);
			path = SwiftCSTests;
			sourceTree = "<group>";
		};
/* End PBXGroup section */

/* Begin PBXNativeTarget section */
		B64339022494526100E7D77C /* SwiftCS */ = {
			isa = PBXNativeTarget;
			buildConfigurationList = B64339222494526200E7D77C /* Build configuration list for PBXNativeTarget "SwiftCS" */;
			buildPhases = (
				B64338FF2494526100E7D77C /* Sources */,
				B64339002494526100E7D77C /* Frameworks */,
				B64339012494526100E7D77C /* Resources */,
			);
			buildRules = (
			);
			dependencies = (
			);
			name = SwiftCS;
			productName = SwiftCS;
			productReference = B64339032494526100E7D77C /* SwiftCS.app */;
			productType = "com.apple.product-type.application";
		};
		B64339182494526200E7D77C /* SwiftCSTests */ = {
			isa = PBXNativeTarget;
			buildConfigurationList = B64339252494526200E7D77C /* Build configuration list for PBXNativeTarget "SwiftCSTests" */;
			buildPhases = (
				B64339152494526200E7D77C /* Sources */,
				B64339162494526200E7D77C /* Frameworks */,
				B64339172494526200E7D77C /* Resources */,
			);
			buildRules = (
			);
			dependencies = (
				B643391B2494526200E7D77C /* PBXTargetDependency */,
			);
			name = SwiftCSTests;
			productName = SwiftCSTests;
			productReference = B64339192494526200E7D77C /* SwiftCSTests.xctest */;
			productType = "com.apple.product-type.bundle.unit-test";
		};
/* End PBXNativeTarget section */

/* Begin PBXProject section */
		B64338FB2494526100E7D77C /* Project object */ = {
			isa = PBXProject;
			attributes = {
				LastSwiftUpdateCheck = 1150;
				LastUpgradeCheck = 1150;
				ORGANIZATIONNAME = "Zachary Frew";
				TargetAttributes = {
					B64339022494526100E7D77C = {
						CreatedOnToolsVersion = 11.5;
					};
					B64339182494526200E7D77C = {
						CreatedOnToolsVersion = 11.5;
						TestTargetID = B64339022494526100E7D77C;
					};
				};
			};
			buildConfigurationList = B64338FE2494526100E7D77C /* Build configuration list for PBXProject "SwiftCS" */;
			compatibilityVersion = "Xcode 9.3";
			developmentRegion = en;
			hasScannedForEncodings = 0;
			knownRegions = (
				en,
				Base,
			);
			mainGroup = B64338FA2494526100E7D77C;
			productRefGroup = B64339042494526100E7D77C /* Products */;
			projectDirPath = "";
			projectRoot = "";
			targets = (
				B64339022494526100E7D77C /* SwiftCS */,
				B64339182494526200E7D77C /* SwiftCSTests */,
			);
		};
/* End PBXProject section */

/* Begin PBXResourcesBuildPhase section */
		B64339012494526100E7D77C /* Resources */ = {
			isa = PBXResourcesBuildPhase;
			buildActionMask = 2147483647;
			files = (
				B64339132494526200E7D77C /* LaunchScreen.storyboard in Resources */,
				B64339102494526200E7D77C /* Preview Assets.xcassets in Resources */,
				B643390D2494526200E7D77C /* Assets.xcassets in Resources */,
			);
			runOnlyForDeploymentPostprocessing = 0;
		};
		B64339172494526200E7D77C /* Resources */ = {
			isa = PBXResourcesBuildPhase;
			buildActionMask = 2147483647;
			files = (
			);
			runOnlyForDeploymentPostprocessing = 0;
		};
/* End PBXResourcesBuildPhase section */

/* Begin PBXSourcesBuildPhase section */
		B64338FF2494526100E7D77C /* Sources */ = {
			isa = PBXSourcesBuildPhase;
			buildActionMask = 2147483647;
			files = (
				B64339072494526100E7D77C /* AppDelegate.swift in Sources */,
				B64339092494526100E7D77C /* SceneDelegate.swift in Sources */,
				B643390B2494526100E7D77C /* ContentView.swift in Sources */,
			);
			runOnlyForDeploymentPostprocessing = 0;
		};
		B64339152494526200E7D77C /* Sources */ = {
			isa = PBXSourcesBuildPhase;
			buildActionMask = 2147483647;
			files = (
				B643391E2494526200E7D77C /* SwiftCSTests.swift in Sources */,
			);
			runOnlyForDeploymentPostprocessing = 0;
		};
/* End PBXSourcesBuildPhase section */

/* Begin PBXTargetDependency section */
		B643391B2494526200E7D77C /* PBXTargetDependency */ = {
			isa = PBXTargetDependency;
			target = B64339022494526100E7D77C /* SwiftCS */;
			targetProxy = B643391A2494526200E7D77C /* PBXContainerItemProxy */;
		};
/* End PBXTargetDependency section */

/* Begin PBXVariantGroup section */
		B64339112494526200E7D77C /* LaunchScreen.storyboard */ = {
			isa = PBXVariantGroup;
			children = (
				B64339122494526200E7D77C /* Base */,
			);
			name = LaunchScreen.storyboard;
			sourceTree = "<group>";
		};
/* End PBXVariantGroup section */

/* Begin XCBuildConfiguration section */
		B64339202494526200E7D77C /* Debug */ = {
			isa = XCBuildConfiguration;
			buildSettings = {
				ALWAYS_SEARCH_USER_PATHS = NO;
				CLANG_ANALYZER_NONNULL = YES;
				CLANG_ANALYZER_NUMBER_OBJECT_CONVERSION = YES_AGGRESSIVE;
				CLANG_CXX_LANGUAGE_STANDARD = "gnu++14";
				CLANG_CXX_LIBRARY = "libc++";
				CLANG_ENABLE_MODULES = YES;
				CLANG_ENABLE_OBJC_ARC = YES;
				CLANG_ENABLE_OBJC_WEAK = YES;
				CLANG_WARN_BLOCK_CAPTURE_AUTORELEASING = YES;
				CLANG_WARN_BOOL_CONVERSION = YES;
				CLANG_WARN_COMMA = YES;
				CLANG_WARN_CONSTANT_CONVERSION = YES;
				CLANG_WARN_DEPRECATED_OBJC_IMPLEMENTATIONS = YES;
				CLANG_WARN_DIRECT_OBJC_ISA_USAGE = YES_ERROR;
				CLANG_WARN_DOCUMENTATION_COMMENTS = YES;
				CLANG_WARN_EMPTY_BODY = YES;
				CLANG_WARN_ENUM_CONVERSION = YES;
				CLANG_WARN_INFINITE_RECURSION = YES;
				CLANG_WARN_INT_CONVERSION = YES;
				CLANG_WARN_NON_LITERAL_NULL_CONVERSION = YES;
				CLANG_WARN_OBJC_IMPLICIT_RETAIN_SELF = YES;
				CLANG_WARN_OBJC_LITERAL_CONVERSION = YES;
				CLANG_WARN_OBJC_ROOT_CLASS = YES_ERROR;
				CLANG_WARN_RANGE_LOOP_ANALYSIS = YES;
				CLANG_WARN_STRICT_PROTOTYPES = YES;
				CLANG_WARN_SUSPICIOUS_MOVE = YES;
				CLANG_WARN_UNGUARDED_AVAILABILITY = YES_AGGRESSIVE;
				CLANG_WARN_UNREACHABLE_CODE = YES;
				CLANG_WARN__DUPLICATE_METHOD_MATCH = YES;
				COPY_PHASE_STRIP = NO;
				DEBUG_INFORMATION_FORMAT = dwarf;
				ENABLE_STRICT_OBJC_MSGSEND = YES;
				ENABLE_TESTABILITY = YES;
				GCC_C_LANGUAGE_STANDARD = gnu11;
				GCC_DYNAMIC_NO_PIC = NO;
				GCC_NO_COMMON_BLOCKS = YES;
				GCC_OPTIMIZATION_LEVEL = 0;
				GCC_PREPROCESSOR_DEFINITIONS = (
					"DEBUG=1",
					"$(inherited)",
				);
				GCC_WARN_64_TO_32_BIT_CONVERSION = YES;
				GCC_WARN_ABOUT_RETURN_TYPE = YES_ERROR;
				GCC_WARN_UNDECLARED_SELECTOR = YES;
				GCC_WARN_UNINITIALIZED_AUTOS = YES_AGGRESSIVE;
				GCC_WARN_UNUSED_FUNCTION = YES;
				GCC_WARN_UNUSED_VARIABLE = YES;
				IPHONEOS_DEPLOYMENT_TARGET = 13.5;
				MTL_ENABLE_DEBUG_INFO = INCLUDE_SOURCE;
				MTL_FAST_MATH = YES;
				ONLY_ACTIVE_ARCH = YES;
				SDKROOT = iphoneos;
				SWIFT_ACTIVE_COMPILATION_CONDITIONS = DEBUG;
				SWIFT_OPTIMIZATION_LEVEL = "-Onone";
			};
			name = Debug;
		};
		B64339212494526200E7D77C /* Release */ = {
			isa = XCBuildConfiguration;
			buildSettings = {
				ALWAYS_SEARCH_USER_PATHS = NO;
				CLANG_ANALYZER_NONNULL = YES;
				CLANG_ANALYZER_NUMBER_OBJECT_CONVERSION = YES_AGGRESSIVE;
				CLANG_CXX_LANGUAGE_STANDARD = "gnu++14";
				CLANG_CXX_LIBRARY = "libc++";
				CLANG_ENABLE_MODULES = YES;
				CLANG_ENABLE_OBJC_ARC = YES;
				CLANG_ENABLE_OBJC_WEAK = YES;
				CLANG_WARN_BLOCK_CAPTURE_AUTORELEASING = YES;
				CLANG_WARN_BOOL_CONVERSION = YES;
				CLANG_WARN_COMMA = YES;
				CLANG_WARN_CONSTANT_CONVERSION = YES;
				CLANG_WARN_DEPRECATED_OBJC_IMPLEMENTATIONS = YES;
				CLANG_WARN_DIRECT_OBJC_ISA_USAGE = YES_ERROR;
				CLANG_WARN_DOCUMENTATION_COMMENTS = YES;
				CLANG_WARN_EMPTY_BODY = YES;
				CLANG_WARN_ENUM_CONVERSION = YES;
				CLANG_WARN_INFINITE_RECURSION = YES;
				CLANG_WARN_INT_CONVERSION = YES;
				CLANG_WARN_NON_LITERAL_NULL_CONVERSION = YES;
				CLANG_WARN_OBJC_IMPLICIT_RETAIN_SELF = YES;
				CLANG_WARN_OBJC_LITERAL_CONVERSION = YES;
				CLANG_WARN_OBJC_ROOT_CLASS = YES_ERROR;
				CLANG_WARN_RANGE_LOOP_ANALYSIS = YES;
				CLANG_WARN_STRICT_PROTOTYPES = YES;
				CLANG_WARN_SUSPICIOUS_MOVE = YES;
				CLANG_WARN_UNGUARDED_AVAILABILITY = YES_AGGRESSIVE;
				CLANG_WARN_UNREACHABLE_CODE = YES;
				CLANG_WARN__DUPLICATE_METHOD_MATCH = YES;
				COPY_PHASE_STRIP = NO;
				DEBUG_INFORMATION_FORMAT = "dwarf-with-dsym";
				ENABLE_NS_ASSERTIONS = NO;
				ENABLE_STRICT_OBJC_MSGSEND = YES;
				GCC_C_LANGUAGE_STANDARD = gnu11;
				GCC_NO_COMMON_BLOCKS = YES;
				GCC_WARN_64_TO_32_BIT_CONVERSION = YES;
				GCC_WARN_ABOUT_RETURN_TYPE = YES_ERROR;
				GCC_WARN_UNDECLARED_SELECTOR = YES;
				GCC_WARN_UNINITIALIZED_AUTOS = YES_AGGRESSIVE;
				GCC_WARN_UNUSED_FUNCTION = YES;
				GCC_WARN_UNUSED_VARIABLE = YES;
				IPHONEOS_DEPLOYMENT_TARGET = 13.5;
				MTL_ENABLE_DEBUG_INFO = NO;
				MTL_FAST_MATH = YES;
				SDKROOT = iphoneos;
				SWIFT_COMPILATION_MODE = wholemodule;
				SWIFT_OPTIMIZATION_LEVEL = "-O";
				VALIDATE_PRODUCT = YES;
			};
			name = Release;
		};
		B64339232494526200E7D77C /* Debug */ = {
			isa = XCBuildConfiguration;
			buildSettings = {
				ASSETCATALOG_COMPILER_APPICON_NAME = AppIcon;
				CODE_SIGN_STYLE = Automatic;
				DEVELOPMENT_ASSET_PATHS = "\"SwiftCS/Preview Content\"";
				DEVELOPMENT_TEAM = PKK87S6JNY;
				ENABLE_PREVIEWS = YES;
				INFOPLIST_FILE = SwiftCS/Info.plist;
				LD_RUNPATH_SEARCH_PATHS = (
					"$(inherited)",
					"@executable_path/Frameworks",
				);
				PRODUCT_BUNDLE_IDENTIFIER = com.zachfrew.SwiftCS;
				PRODUCT_NAME = "$(TARGET_NAME)";
				SWIFT_VERSION = 5.0;
				TARGETED_DEVICE_FAMILY = "1,2";
			};
			name = Debug;
		};
		B64339242494526200E7D77C /* Release */ = {
			isa = XCBuildConfiguration;
			buildSettings = {
				ASSETCATALOG_COMPILER_APPICON_NAME = AppIcon;
				CODE_SIGN_STYLE = Automatic;
				DEVELOPMENT_ASSET_PATHS = "\"SwiftCS/Preview Content\"";
				DEVELOPMENT_TEAM = PKK87S6JNY;
				ENABLE_PREVIEWS = YES;
				INFOPLIST_FILE = SwiftCS/Info.plist;
				LD_RUNPATH_SEARCH_PATHS = (
					"$(inherited)",
					"@executable_path/Frameworks",
				);
				PRODUCT_BUNDLE_IDENTIFIER = com.zachfrew.SwiftCS;
				PRODUCT_NAME = "$(TARGET_NAME)";
				SWIFT_VERSION = 5.0;
				TARGETED_DEVICE_FAMILY = "1,2";
			};
			name = Release;
		};
		B64339262494526200E7D77C /* Debug */ = {
			isa = XCBuildConfiguration;
			buildSettings = {
				ALWAYS_EMBED_SWIFT_STANDARD_LIBRARIES = YES;
				BUNDLE_LOADER = "$(TEST_HOST)";
				CODE_SIGN_STYLE = Automatic;
				DEVELOPMENT_TEAM = PKK87S6JNY;
				INFOPLIST_FILE = SwiftCSTests/Info.plist;
				IPHONEOS_DEPLOYMENT_TARGET = 13.5;
				LD_RUNPATH_SEARCH_PATHS = (
					"$(inherited)",
					"@executable_path/Frameworks",
					"@loader_path/Frameworks",
				);
				PRODUCT_BUNDLE_IDENTIFIER = com.zachfrew.SwiftCSTests;
				PRODUCT_NAME = "$(TARGET_NAME)";
				SWIFT_VERSION = 5.0;
				TARGETED_DEVICE_FAMILY = "1,2";
				TEST_HOST = "$(BUILT_PRODUCTS_DIR)/SwiftCS.app/SwiftCS";
			};
			name = Debug;
		};
		B64339272494526200E7D77C /* Release */ = {
			isa = XCBuildConfiguration;
			buildSettings = {
				ALWAYS_EMBED_SWIFT_STANDARD_LIBRARIES = YES;
				BUNDLE_LOADER = "$(TEST_HOST)";
				CODE_SIGN_STYLE = Automatic;
				DEVELOPMENT_TEAM = PKK87S6JNY;
				INFOPLIST_FILE = SwiftCSTests/Info.plist;
				IPHONEOS_DEPLOYMENT_TARGET = 13.5;
				LD_RUNPATH_SEARCH_PATHS = (
					"$(inherited)",
					"@executable_path/Frameworks",
					"@loader_path/Frameworks",
				);
				PRODUCT_BUNDLE_IDENTIFIER = com.zachfrew.SwiftCSTests;
				PRODUCT_NAME = "$(TARGET_NAME)";
				SWIFT_VERSION = 5.0;
				TARGETED_DEVICE_FAMILY = "1,2";
				TEST_HOST = "$(BUILT_PRODUCTS_DIR)/SwiftCS.app/SwiftCS";
			};
			name = Release;
		};
/* End XCBuildConfiguration section */

/* Begin XCConfigurationList section */
		B64338FE2494526100E7D77C /* Build configuration list for PBXProject "SwiftCS" */ = {
			isa = XCConfigurationList;
			buildConfigurations = (
				B64339202494526200E7D77C /* Debug */,
				B64339212494526200E7D77C /* Release */,
			);
			defaultConfigurationIsVisible = 0;
			defaultConfigurationName = Release;
		};
		B64339222494526200E7D77C /* Build configuration list for PBXNativeTarget "SwiftCS" */ = {
			isa = XCConfigurationList;
			buildConfigurations = (
				B64339232494526200E7D77C /* Debug */,
				B64339242494526200E7D77C /* Release */,
			);
			defaultConfigurationIsVisible = 0;
			defaultConfigurationName = Release;
		};
		B64339252494526200E7D77C /* Build configuration list for PBXNativeTarget "SwiftCSTests" */ = {
			isa = XCConfigurationList;
			buildConfigurations = (
				B64339262494526200E7D77C /* Debug */,
				B64339272494526200E7D77C /* Release */,
			);
			defaultConfigurationIsVisible = 0;
			defaultConfigurationName = Release;
		};
/* End XCConfigurationList section */
	};
	rootObject = B64338FB2494526100E7D77C /* Project object */;
}
